{
  "name": "bounce-base-ui",
  "version": "0.0.0",
  "lockfileVersion": 3,
  "requires": true,
  "packages": {
    "": {
      "name": "bounce-base-ui",
      "version": "0.0.0",
      "dependencies": {
        "@vitejs/plugin-react": "latest",
        "react": "latest",
        "react-dom": "latest",
        "typescript": "latest",
        "vite": "latest"
      },
      "devDependencies": {
        "@eslint/js": "latest",
        "@types/node": "latest",
        "@types/react": "latest",
        "@types/react-dom": "latest",
        "eslint": "latest",
        "eslint-plugin-react-hooks": "latest",
        "eslint-plugin-react-refresh": "latest",
        "globals": "latest",
        "typescript-eslint": "latest"
      }
    }
  }
}
